
Microsoft Visual Studio Solution File, Format Version 12.00
# Visual Studio Version 17
VisualStudioVersion = 17.5.002.0
MinimumVisualStudioVersion = 10.0.40219.1
Project("{9A19103F-16F7-4668-BE54-9A1E7A4F7556}") = "PDPBaiThiLai", "PDPBaiThiLai.csproj", "{7927957E-7308-48BA-8AE4-74B980217A7B}"
EndProject
Global
	GlobalSection(SolutionConfigurationPlatforms) = preSolution
		Debug|Any CPU = Debug|Any CPU
		Release|Any CPU = Release|Any CPU
	EndGlobalSection
	GlobalSection(ProjectConfigurationPlatforms) = postSolution
		{7927957E-7308-48BA-8AE4-74B980217A7B}.Debug|Any CPU.ActiveCfg = Debug|Any CPU
		{7927957E-7308-48BA-8AE4-74B980217A7B}.Debug|Any CPU.Build.0 = Debug|Any CPU
		{7927957E-7308-48BA-8AE4-74B980217A7B}.Release|Any CPU.ActiveCfg = Release|Any CPU
		{7927957E-7308-48BA-8AE4-74B980217A7B}.Release|Any CPU.Build.0 = Release|Any CPU
	EndGlobalSection
	GlobalSection(SolutionProperties) = preSolution
		HideSolutionNode = FALSE
	EndGlobalSection
	GlobalSection(ExtensibilityGlobals) = postSolution
		SolutionGuid = {8AADD66B-33D8-43EB-8104-5AD2B39B82CD}
	EndGlobalSection
EndGlobal
